
Microsoft Visual Studio Solution File, Format Version 12.00
# Visual Studio Version 17
VisualStudioVersion = 17.12.35707.178 d17.12
MinimumVisualStudioVersion = 10.0.40219.1
Project("{2150E333-8FDC-42A3-9474-1A3956D46DE8}") = "src", "src", "{C63ADDA1-FAB4-4080-BDC2-B11B68CE8D0D}"
EndProject
Project("{2150E333-8FDC-42A3-9474-1A3956D46DE8}") = "tests", "tests", "{0120D53A-B04F-4F00-82AD-6E1C2BD4EA51}"
EndProject
Project("{FAE04EC0-301F-11D3-BF4B-00C04F79EFBC}") = "ConsoleApp", "tests\ConsoleApp\ConsoleApp.csproj", "{A5209236-0451-4770-8938-45A6E1506B66}"
EndProject
Project("{FAE04EC0-301F-11D3-BF4B-00C04F79EFBC}") = "EFProject", "src\EFProject\EFProject.csproj", "{417B1A4C-856F-4163-887F-940250B4AD15}"
EndProject
Global
	GlobalSection(SolutionConfigurationPlatforms) = preSolution
		Debug|Any CPU = Debug|Any CPU
		Release|Any CPU = Release|Any CPU
	EndGlobalSection
	GlobalSection(ProjectConfigurationPlatforms) = postSolution
		{A5209236-0451-4770-8938-45A6E1506B66}.Debug|Any CPU.ActiveCfg = Debug|Any CPU
		{A5209236-0451-4770-8938-45A6E1506B66}.Debug|Any CPU.Build.0 = Debug|Any CPU
		{A5209236-0451-4770-8938-45A6E1506B66}.Release|Any CPU.ActiveCfg = Release|Any CPU
		{A5209236-0451-4770-8938-45A6E1506B66}.Release|Any CPU.Build.0 = Release|Any CPU
		{417B1A4C-856F-4163-887F-940250B4AD15}.Debug|Any CPU.ActiveCfg = Debug|Any CPU
		{417B1A4C-856F-4163-887F-940250B4AD15}.Debug|Any CPU.Build.0 = Debug|Any CPU
		{417B1A4C-856F-4163-887F-940250B4AD15}.Release|Any CPU.ActiveCfg = Release|Any CPU
		{417B1A4C-856F-4163-887F-940250B4AD15}.Release|Any CPU.Build.0 = Release|Any CPU
	EndGlobalSection
	GlobalSection(SolutionProperties) = preSolution
		HideSolutionNode = FALSE
	EndGlobalSection
	GlobalSection(NestedProjects) = preSolution
		{A5209236-0451-4770-8938-45A6E1506B66} = {0120D53A-B04F-4F00-82AD-6E1C2BD4EA51}
		{417B1A4C-856F-4163-887F-940250B4AD15} = {C63ADDA1-FAB4-4080-BDC2-B11B68CE8D0D}
	EndGlobalSection
EndGlobal
